
Microsoft Visual Studio Solution File, Format Version 12.00
# Visual Studio Version 17
VisualStudioVersion = 17.10.35122.118
MinimumVisualStudioVersion = 10.0.40219.1
Project("{FAE04EC0-301F-11D3-BF4B-00C04F79EFBC}") = "IfElseCalculator", "IfElseCalculator\IfElseCalculator.csproj", "{60B407A0-C58F-44D1-A840-E2DA0D63194F}"
EndProject
Global
	GlobalSection(SolutionConfigurationPlatforms) = preSolution
		Debug|Any CPU = Debug|Any CPU
		Release|Any CPU = Release|Any CPU
	EndGlobalSection
	GlobalSection(ProjectConfigurationPlatforms) = postSolution
		{60B407A0-C58F-44D1-A840-E2DA0D63194F}.Debug|Any CPU.ActiveCfg = Debug|Any CPU
		{60B407A0-C58F-44D1-A840-E2DA0D63194F}.Debug|Any CPU.Build.0 = Debug|Any CPU
		{60B407A0-C58F-44D1-A840-E2DA0D63194F}.Release|Any CPU.ActiveCfg = Release|Any CPU
		{60B407A0-C58F-44D1-A840-E2DA0D63194F}.Release|Any CPU.Build.0 = Release|Any CPU
	EndGlobalSection
	GlobalSection(SolutionProperties) = preSolution
		HideSolutionNode = FALSE
	EndGlobalSection
	GlobalSection(ExtensibilityGlobals) = postSolution
		SolutionGuid = {1373735B-69C0-4CB3-8288-97990A279349}
	EndGlobalSection
EndGlobal
