
Microsoft Visual Studio Solution File, Format Version 12.00
# Visual Studio Version 17
VisualStudioVersion = 17.10.35122.118
MinimumVisualStudioVersion = 10.0.40219.1
Project("{FAE04EC0-301F-11D3-BF4B-00C04F79EFBC}") = "methodcall", "methodcall\methodcall.csproj", "{DFFFE7E9-436F-47EF-9991-16ECA73A7EF0}"
EndProject
Global
	GlobalSection(SolutionConfigurationPlatforms) = preSolution
		Debug|Any CPU = Debug|Any CPU
		Release|Any CPU = Release|Any CPU
	EndGlobalSection
	GlobalSection(ProjectConfigurationPlatforms) = postSolution
		{DFFFE7E9-436F-47EF-9991-16ECA73A7EF0}.Debug|Any CPU.ActiveCfg = Debug|Any CPU
		{DFFFE7E9-436F-47EF-9991-16ECA73A7EF0}.Debug|Any CPU.Build.0 = Debug|Any CPU
		{DFFFE7E9-436F-47EF-9991-16ECA73A7EF0}.Release|Any CPU.ActiveCfg = Release|Any CPU
		{DFFFE7E9-436F-47EF-9991-16ECA73A7EF0}.Release|Any CPU.Build.0 = Release|Any CPU
	EndGlobalSection
	GlobalSection(SolutionProperties) = preSolution
		HideSolutionNode = FALSE
	EndGlobalSection
	GlobalSection(ExtensibilityGlobals) = postSolution
		SolutionGuid = {F83E2CAC-D39F-470C-BE24-C45BCC86DC95}
	EndGlobalSection
EndGlobal
