
Microsoft Visual Studio Solution File, Format Version 12.00
# Visual Studio Version 17
VisualStudioVersion = 17.10.35122.118
MinimumVisualStudioVersion = 10.0.40219.1
Project("{FAE04EC0-301F-11D3-BF4B-00C04F79EFBC}") = "IfElseNesting", "IfElseNesting\IfElseNesting.csproj", "{670163E8-4D0D-4103-AFC0-71A809481D49}"
EndProject
Global
	GlobalSection(SolutionConfigurationPlatforms) = preSolution
		Debug|Any CPU = Debug|Any CPU
		Release|Any CPU = Release|Any CPU
	EndGlobalSection
	GlobalSection(ProjectConfigurationPlatforms) = postSolution
		{670163E8-4D0D-4103-AFC0-71A809481D49}.Debug|Any CPU.ActiveCfg = Debug|Any CPU
		{670163E8-4D0D-4103-AFC0-71A809481D49}.Debug|Any CPU.Build.0 = Debug|Any CPU
		{670163E8-4D0D-4103-AFC0-71A809481D49}.Release|Any CPU.ActiveCfg = Release|Any CPU
		{670163E8-4D0D-4103-AFC0-71A809481D49}.Release|Any CPU.Build.0 = Release|Any CPU
	EndGlobalSection
	GlobalSection(SolutionProperties) = preSolution
		HideSolutionNode = FALSE
	EndGlobalSection
	GlobalSection(ExtensibilityGlobals) = postSolution
		SolutionGuid = {800E4B41-A1D2-404F-83EF-3FB3419BC9EC}
	EndGlobalSection
EndGlobal
